
Microsoft Visual Studio Solution File, Format Version 11.00
# Visual Studio 2010
Project("{FAE04EC0-301F-11D3-BF4B-00C04F79EFBC}") = "Typer-Jet-Game-master", "Assembly-CSharp.csproj", "{810D2944-E3C0-2817-612B-FBEC8E2977E3}"
EndProject
Global
	GlobalSection(SolutionConfigurationPlatforms) = preSolution
		Debug|Any CPU = Debug|Any CPU
		Release|Any CPU = Release|Any CPU
	EndGlobalSection
	GlobalSection(ProjectConfigurationPlatforms) = postSolution
		{810D2944-E3C0-2817-612B-FBEC8E2977E3}.Debug|Any CPU.ActiveCfg = Debug|Any CPU
		{810D2944-E3C0-2817-612B-FBEC8E2977E3}.Debug|Any CPU.Build.0 = Debug|Any CPU
		{810D2944-E3C0-2817-612B-FBEC8E2977E3}.Release|Any CPU.ActiveCfg = Release|Any CPU
		{810D2944-E3C0-2817-612B-FBEC8E2977E3}.Release|Any CPU.Build.0 = Release|Any CPU
	EndGlobalSection
	GlobalSection(SolutionProperties) = preSolution
		HideSolutionNode = FALSE
	EndGlobalSection
	GlobalSection(MonoDevelopProperties) = preSolution
		StartupItem = Assembly-CSharp.csproj
	EndGlobalSection
EndGlobal
